
Microsoft Visual Studio Solution File, Format Version 12.00
# Visual Studio Version 17
VisualStudioVersion = 17.8.34316.72
MinimumVisualStudioVersion = 10.0.40219.1
Project("{FAE04EC0-301F-11D3-BF4B-00C04F79EFBC}") = "Windows Forms Application", "Windows Forms Application\Windows Forms Application.csproj", "{45155C61-017A-4CB8-A590-B2DE0872DBEB}"
EndProject
Global
	GlobalSection(SolutionConfigurationPlatforms) = preSolution
		Debug|Any CPU = Debug|Any CPU
		Release|Any CPU = Release|Any CPU
	EndGlobalSection
	GlobalSection(ProjectConfigurationPlatforms) = postSolution
		{45155C61-017A-4CB8-A590-B2DE0872DBEB}.Debug|Any CPU.ActiveCfg = Debug|Any CPU
		{45155C61-017A-4CB8-A590-B2DE0872DBEB}.Debug|Any CPU.Build.0 = Debug|Any CPU
		{45155C61-017A-4CB8-A590-B2DE0872DBEB}.Release|Any CPU.ActiveCfg = Release|Any CPU
		{45155C61-017A-4CB8-A590-B2DE0872DBEB}.Release|Any CPU.Build.0 = Release|Any CPU
	EndGlobalSection
	GlobalSection(SolutionProperties) = preSolution
		HideSolutionNode = FALSE
	EndGlobalSection
	GlobalSection(ExtensibilityGlobals) = postSolution
		SolutionGuid = {645CFEA9-4CD8-49D2-8180-BCA2510385E1}
	EndGlobalSection
EndGlobal
